
Microsoft Visual Studio Solution File, Format Version 12.00
# Visual Studio 15
Project("{FAE04EC0-301F-11D3-BF4B-00C04F79EFBC}") = "Globomantics", "Globomantics\Globomantics.csproj", "{AFDA724F-9B09-4727-B718-13BC3DD5DC58}"
EndProject
Global
	GlobalSection(SolutionConfigurationPlatforms) = preSolution
		Debug|Any CPU = Debug|Any CPU
		Release|Any CPU = Release|Any CPU
	EndGlobalSection
	GlobalSection(ProjectConfigurationPlatforms) = postSolution
		{AFDA724F-9B09-4727-B718-13BC3DD5DC58}.Debug|Any CPU.ActiveCfg = Debug|Any CPU
		{AFDA724F-9B09-4727-B718-13BC3DD5DC58}.Debug|Any CPU.Build.0 = Debug|Any CPU
		{AFDA724F-9B09-4727-B718-13BC3DD5DC58}.Release|Any CPU.ActiveCfg = Release|Any CPU
		{AFDA724F-9B09-4727-B718-13BC3DD5DC58}.Release|Any CPU.Build.0 = Release|Any CPU
	EndGlobalSection
EndGlobal
